
Microsoft Visual Studio Solution File, Format Version 12.00
# Visual Studio Version 17
VisualStudioVersion = 17.4.33213.308
MinimumVisualStudioVersion = 10.0.40219.1
Project("{9A19103F-16F7-4668-BE54-9A1E7A4F7556}") = "ctci", "ctci.csproj", "{A3ACA944-9413-4E0B-99BE-91257E432E37}"
EndProject
Project("{9A19103F-16F7-4668-BE54-9A1E7A4F7556}") = "citi.Tests", "..\citi.Tests\citi.Tests.csproj", "{464353B4-1CB6-4773-99B5-C3D4D23C392B}"
EndProject
Global
	GlobalSection(SolutionConfigurationPlatforms) = preSolution
		Debug|Any CPU = Debug|Any CPU
		Release|Any CPU = Release|Any CPU
	EndGlobalSection
	GlobalSection(ProjectConfigurationPlatforms) = postSolution
		{A3ACA944-9413-4E0B-99BE-91257E432E37}.Debug|Any CPU.ActiveCfg = Debug|Any CPU
		{A3ACA944-9413-4E0B-99BE-91257E432E37}.Debug|Any CPU.Build.0 = Debug|Any CPU
		{A3ACA944-9413-4E0B-99BE-91257E432E37}.Release|Any CPU.ActiveCfg = Release|Any CPU
		{A3ACA944-9413-4E0B-99BE-91257E432E37}.Release|Any CPU.Build.0 = Release|Any CPU
		{464353B4-1CB6-4773-99B5-C3D4D23C392B}.Debug|Any CPU.ActiveCfg = Debug|Any CPU
		{464353B4-1CB6-4773-99B5-C3D4D23C392B}.Debug|Any CPU.Build.0 = Debug|Any CPU
		{464353B4-1CB6-4773-99B5-C3D4D23C392B}.Release|Any CPU.ActiveCfg = Release|Any CPU
		{464353B4-1CB6-4773-99B5-C3D4D23C392B}.Release|Any CPU.Build.0 = Release|Any CPU
	EndGlobalSection
	GlobalSection(SolutionProperties) = preSolution
		HideSolutionNode = FALSE
	EndGlobalSection
	GlobalSection(ExtensibilityGlobals) = postSolution
		SolutionGuid = {9CFA9AF6-6773-4D39-A69D-2F16A035879B}
	EndGlobalSection
EndGlobal
